{
  "nodes": {
    "flake-parts": {
      "inputs": {
        "nixpkgs-lib": "nixpkgs-lib"
      },
      "locked": {
        "lastModified": 1685662779,
        "narHash": "sha256-cKDDciXGpMEjP1n6HlzKinN0H+oLmNpgeCTzYnsA2po=",
        "owner": "hercules-ci",
        "repo": "flake-parts",
        "rev": "71fb97f0d875fd4de4994dfb849f2c75e17eb6c3",
        "type": "github"
      },
      "original": {
        "owner": "hercules-ci",
        "repo": "flake-parts",
        "type": "github"
      }
    },
    "haskell-flake": {
      "locked": {
        "lastModified": 1685727978,
        "narHash": "sha256-kSDetNgDoaIFO11vAyJXaO9Eh3iGhpZbve6AKib7ctw=",
        "owner": "srid",
        "repo": "haskell-flake",
        "rev": "1f0a5ee4f69b0740ad6eb93cd0b4fb4265f7f6b6",
        "type": "github"
      },
      "original": {
        "owner": "srid",
        "repo": "haskell-flake",
        "type": "github"
      }
    },
    "nixpkgs": {
      "locked": {
        "lastModified": 1685938391,
        "narHash": "sha256-96Jw6TbWDLSopt5jqCW8w1Fc1cjQyZlhfBnJ3OZGpME=",
        "owner": "nixos",
        "repo": "nixpkgs",
        "rev": "31cd1b4afbaf0b1e81272ee9c31d1ab606503aed",
        "type": "github"
      },
      "original": {
        "owner": "nixos",
        "ref": "nixpkgs-unstable",
        "repo": "nixpkgs",
        "type": "github"
      }
    },
    "nixpkgs-lib": {
      "locked": {
        "dir": "lib",
        "lastModified": 1685564631,
        "narHash": "sha256-8ywr3AkblY4++3lIVxmrWZFzac7+f32ZEhH/A8pNscI=",
        "owner": "NixOS",
        "repo": "nixpkgs",
        "rev": "4f53efe34b3a8877ac923b9350c874e3dcd5dc0a",
        "type": "github"
      },
      "original": {
        "dir": "lib",
        "owner": "NixOS",
        "ref": "nixos-unstable",
        "repo": "nixpkgs",
        "type": "github"
      }
    },
    "process-compose-flake": {
      "locked": {
        "lastModified": 1695992918,
        "narHash": "sha256-5tHNbk0ldLUjAqKRZog/3asiVvkD51VGK9TvwzUBs38=",
        "owner": "Platonic-Systems",
        "repo": "process-compose-flake",
        "rev": "1ebecb83f15736f5d4ae3feb01a8391977dd71da",
        "type": "github"
      },
      "original": {
        "owner": "Platonic-Systems",
        "repo": "process-compose-flake",
        "type": "github"
      }
    },
    "root": {
      "inputs": {
        "flake-parts": "flake-parts",
        "haskell-flake": "haskell-flake",
        "nixpkgs": "nixpkgs",
        "process-compose-flake": "process-compose-flake",
        "services-flake": "services-flake"
      }
    },
    "services-flake": {
      "locked": {
        "lastModified": 1703583932,
        "narHash": "sha256-TJFa4Ej1R2H2VKjZAa5FbkOV4mqYH+ZaZk1KQZUL/oc=",
        "owner": "juspay",
        "repo": "services-flake",
        "rev": "d6b73e401ef6279184c12d1791a7148aa0365f21",
        "type": "github"
      },
      "original": {
        "owner": "juspay",
        "repo": "services-flake",
        "type": "github"
      }
    }
  },
  "root": "root",
  "version": 7
}
