# This file was autogenerated by Stack.
# You should not edit this file by hand.
# For more information, please see the documentation at:
#   https://docs.haskellstack.org/en/stable/lock_files

packages:
- completed:
    hackage: acid-state-0.16.0.1@sha256:d43f6ee0b23338758156c500290c4405d769abefeb98e9bc112780dae09ece6f,6207
    pantry-tree:
      size: 13678
      sha256: d57bcb2ad5e01fe7424abbcf9e58cf943027b5c4a8496d93625c57b6e1272274
  original:
    hackage: acid-state-0.16.0.1
- completed:
    hackage: cryptostore-0.2.1.0@sha256:9896e2984f36a1c8790f057fd5ce3da4cbcaf8aa73eb2d9277916886978c5b19,3881
    pantry-tree:
      size: 8596
      sha256: e392f8dded050690140636b81433fb350bd87dd21643dde9a2f0aa344cf038e5
  original:
    hackage: cryptostore-0.2.1.0
- completed:
    hackage: hedgehog-1.0.2@sha256:55b4b61b033ba24981aba08037600e350257797f8de5ac3982a84b645ca62f79,4582
    pantry-tree:
      size: 2549
      sha256: 94eca423ddede0e356df80b60ec226ee9ad3cb94d3a67ba2a0ec5c44b92c8c28
  original:
    hackage: hedgehog-1.0.2
- completed:
    hackage: hspec-hedgehog-0.0.1.2@sha256:aaeeb50a43d2bce8a1850baa3ddf934a964bfe38c64efd59306b0c1421e55b45,1405
    pantry-tree:
      size: 379
      sha256: 1da6604fc3e0ce9af8742a631da413a845bbfc49aeff3a304ff9cebc1518b689
  original:
    hackage: hspec-hedgehog-0.0.1.2
- completed:
    hackage: libsodium-1.0.18.1@sha256:718a99126c2ffc292da602a3da570e6772c94d5240ff120f6a17fe623db3ca8e,1020
    pantry-tree:
      size: 387
      sha256: de3b8b57d48e5ff53db4ec5d742f1b56e4979f709a59582798b979b32b222a80
  original:
    hackage: libsodium-1.0.18.1
- completed:
    hackage: saltine-0.1.1.0@sha256:abc6a29f4ec81cdcf7829c32b46aa99dd778434070358563cd9134a4f9bce016,3190
    pantry-tree:
      size: 1984
      sha256: 663b025ec921262ff9eb22ba4f33faaab35cd75f461cabe7dc5945632e6a5523
  original:
    hackage: saltine-0.1.1.0
snapshots:
- completed:
    size: 496112
    url: https://raw.githubusercontent.com/commercialhaskell/stackage-snapshots/master/lts/15/15.yaml
    sha256: 86169722ad0056ffc9eacc157ef80ee21d7024f92c0d2961c89ccf432db230a3
  original: lts-15.15
